
Microsoft Visual Studio Solution File, Format Version 10.00
# Visual Studio 2008
Project("{FAE04EC0-301F-11D3-BF4B-00C04F79EFBC}") = "AggrocubeClient", "AggrocubeClient\AggrocubeClient.csproj", "{A83396B7-D7B7-4C5C-A90C-6DF10FFE1B20}"
EndProject
Project("{9344bdbb-3e7f-41fc-a0dd-8665d75ee146}") = "Packages", "Packages.mdproj", "{EBF09119-A93C-4057-A1D8-1AC60FBFDC55}"
EndProject
Project("{FAE04EC0-301F-11D3-BF4B-00C04F79EFBC}") = "AggrocubeServer", "AggrocubeServer\AggrocubeServer.csproj", "{96EB0495-9FE7-464B-8797-EE6627B8BFD2}"
EndProject
Project("{FAE04EC0-301F-11D3-BF4B-00C04F79EFBC}") = "AggrocubeCommon", "AggrocubeCommon\AggrocubeCommon.csproj", "{6E13BC75-2D95-499B-B944-CEB5479F2B9B}"
EndProject
Global
	GlobalSection(SolutionConfigurationPlatforms) = preSolution
		Debug|x86 = Debug|x86
		Release|x86 = Release|x86
	EndGlobalSection
	GlobalSection(ProjectConfigurationPlatforms) = postSolution
		{6E13BC75-2D95-499B-B944-CEB5479F2B9B}.Debug|x86.ActiveCfg = Debug|Any CPU
		{6E13BC75-2D95-499B-B944-CEB5479F2B9B}.Debug|x86.Build.0 = Debug|Any CPU
		{6E13BC75-2D95-499B-B944-CEB5479F2B9B}.Release|x86.ActiveCfg = Release|Any CPU
		{6E13BC75-2D95-499B-B944-CEB5479F2B9B}.Release|x86.Build.0 = Release|Any CPU
		{96EB0495-9FE7-464B-8797-EE6627B8BFD2}.Debug|x86.ActiveCfg = Debug|x86
		{96EB0495-9FE7-464B-8797-EE6627B8BFD2}.Debug|x86.Build.0 = Debug|x86
		{96EB0495-9FE7-464B-8797-EE6627B8BFD2}.Release|x86.ActiveCfg = Release|x86
		{96EB0495-9FE7-464B-8797-EE6627B8BFD2}.Release|x86.Build.0 = Release|x86
		{A83396B7-D7B7-4C5C-A90C-6DF10FFE1B20}.Debug|x86.ActiveCfg = Debug|x86
		{A83396B7-D7B7-4C5C-A90C-6DF10FFE1B20}.Debug|x86.Build.0 = Debug|x86
		{A83396B7-D7B7-4C5C-A90C-6DF10FFE1B20}.Release|x86.ActiveCfg = Release|x86
		{A83396B7-D7B7-4C5C-A90C-6DF10FFE1B20}.Release|x86.Build.0 = Release|x86
		{EBF09119-A93C-4057-A1D8-1AC60FBFDC55}.Debug|x86.ActiveCfg = Debug|Any CPU
		{EBF09119-A93C-4057-A1D8-1AC60FBFDC55}.Release|x86.ActiveCfg = Release|Any CPU
	EndGlobalSection
	GlobalSection(MonoDevelopProperties) = preSolution
		StartupItem = AggrocubeClient\AggrocubeClient.csproj
	EndGlobalSection
EndGlobal
